
Microsoft Visual Studio Solution File, Format Version 12.00
# Visual Studio Version 16
VisualStudioVersion = 16.0.29920.165
MinimumVisualStudioVersion = 10.0.40219.1
Project("{9A19103F-16F7-4668-BE54-9A1E7A4F7556}") = "ShopFinder", "ShopFinder.csproj", "{6C0B8D02-B1CA-4B21-9FF1-5939234A389D}"
EndProject
Global
	GlobalSection(SolutionConfigurationPlatforms) = preSolution
		Debug|Any CPU = Debug|Any CPU
		Debug|x64 = Debug|x64
		Release|Any CPU = Release|Any CPU
		Release|x64 = Release|x64
	EndGlobalSection
	GlobalSection(ProjectConfigurationPlatforms) = postSolution
		{6C0B8D02-B1CA-4B21-9FF1-5939234A389D}.Debug|Any CPU.ActiveCfg = Debug|Any CPU
		{6C0B8D02-B1CA-4B21-9FF1-5939234A389D}.Debug|Any CPU.Build.0 = Debug|Any CPU
		{6C0B8D02-B1CA-4B21-9FF1-5939234A389D}.Debug|x64.ActiveCfg = Debug|Any CPU
		{6C0B8D02-B1CA-4B21-9FF1-5939234A389D}.Debug|x64.Build.0 = Debug|Any CPU
		{6C0B8D02-B1CA-4B21-9FF1-5939234A389D}.Release|Any CPU.ActiveCfg = Release|Any CPU
		{6C0B8D02-B1CA-4B21-9FF1-5939234A389D}.Release|Any CPU.Build.0 = Release|Any CPU
		{6C0B8D02-B1CA-4B21-9FF1-5939234A389D}.Release|x64.ActiveCfg = Release|x64
		{6C0B8D02-B1CA-4B21-9FF1-5939234A389D}.Release|x64.Build.0 = Release|x64
	EndGlobalSection
	GlobalSection(SolutionProperties) = preSolution
		HideSolutionNode = FALSE
	EndGlobalSection
	GlobalSection(ExtensibilityGlobals) = postSolution
		SolutionGuid = {0E4A7C1C-7078-44A0-96AC-26B9590F069A}
	EndGlobalSection
EndGlobal
